
Microsoft Visual Studio Solution File, Format Version 12.00
# Visual Studio Version 16
VisualStudioVersion = 16.0.31624.102
MinimumVisualStudioVersion = 10.0.40219.1
Project("{FAE04EC0-301F-11D3-BF4B-00C04F79EFBC}") = "CalculadoraCSharp", "CalculadoraCSharp.csproj", "{348910FD-19EA-4E92-BF5D-D47F08CE5DB0}"
EndProject
Global
	GlobalSection(SolutionConfigurationPlatforms) = preSolution
		Debug|Any CPU = Debug|Any CPU
		Release|Any CPU = Release|Any CPU
	EndGlobalSection
	GlobalSection(ProjectConfigurationPlatforms) = postSolution
		{348910FD-19EA-4E92-BF5D-D47F08CE5DB0}.Debug|Any CPU.ActiveCfg = Debug|Any CPU
		{348910FD-19EA-4E92-BF5D-D47F08CE5DB0}.Debug|Any CPU.Build.0 = Debug|Any CPU
		{348910FD-19EA-4E92-BF5D-D47F08CE5DB0}.Release|Any CPU.ActiveCfg = Release|Any CPU
		{348910FD-19EA-4E92-BF5D-D47F08CE5DB0}.Release|Any CPU.Build.0 = Release|Any CPU
	EndGlobalSection
	GlobalSection(SolutionProperties) = preSolution
		HideSolutionNode = FALSE
	EndGlobalSection
	GlobalSection(ExtensibilityGlobals) = postSolution
		SolutionGuid = {7C1EF4D3-FB35-4D59-B92C-5D2F31C1296A}
	EndGlobalSection
EndGlobal
